[root]
name = "jq-tools"
version = "0.1.0"
dependencies = [
 "nom 2.2.1 (registry+https://github.com/rust-lang/crates.io-index)",
 "semver 0.6.0 (registry+https://github.com/rust-lang/crates.io-index)",
]

[[package]]
name = "nom"
version = "2.2.1"
source = "registry+https://github.com/rust-lang/crates.io-index"

[[package]]
name = "semver"
version = "0.6.0"
source = "registry+https://github.com/rust-lang/crates.io-index"
dependencies = [
 "semver-parser 0.7.0 (registry+https://github.com/rust-lang/crates.io-index)",
]

[[package]]
name = "semver-parser"
version = "0.7.0"
source = "registry+https://github.com/rust-lang/crates.io-index"

[metadata]
"checksum nom 2.2.1 (registry+https://github.com/rust-lang/crates.io-index)" = "cf51a729ecf40266a2368ad335a5fdde43471f545a967109cd62146ecf8b66ff"
"checksum semver 0.6.0 (registry+https://github.com/rust-lang/crates.io-index)" = "7a3186ec9e65071a2095434b1f5bb24838d4e8e130f584c790f6033c79943537"
"checksum semver-parser 0.7.0 (registry+https://github.com/rust-lang/crates.io-index)" = "388a1df253eca08550bef6c72392cfe7c30914bf41df5269b68cbd6ff8f570a3"
